
Microsoft Visual Studio Solution File, Format Version 12.00
# Visual Studio Version 17
VisualStudioVersion = 17.3.32901.215
MinimumVisualStudioVersion = 10.0.40219.1
Project("{9A19103F-16F7-4668-BE54-9A1E7A4F7556}") = "Forum.API", "Forum.API\Forum.API.csproj", "{03406F1B-CA0A-4E52-9FB5-A0C1209BF357}"
EndProject
Project("{9A19103F-16F7-4668-BE54-9A1E7A4F7556}") = "Forum.Application", "Forum.Application\Forum.Application\Forum.Application.csproj", "{846070D3-3FDB-4F62-9E67-DA737A1DD74B}"
EndProject
Project("{9A19103F-16F7-4668-BE54-9A1E7A4F7556}") = "Forum.Domain", "Forum.Domain\Forum.Domain.csproj", "{7E9DCBA9-F3AC-4590-83F6-656A9152DDAD}"
EndProject
Project("{9A19103F-16F7-4668-BE54-9A1E7A4F7556}") = "Forum.Infrastructure", "Forum.Infrastructure\Forum.Infrastructure.csproj", "{CBF0356A-908D-47C8-B891-1A86293541B4}"
EndProject
Project("{E53339B2-1760-4266-BCC7-CA923CBCF16C}") = "docker-compose", "docker-compose.dcproj", "{60B6106C-9D15-4480-8DB9-B50B9B7F0497}"
EndProject
Global
	GlobalSection(SolutionConfigurationPlatforms) = preSolution
		Debug|Any CPU = Debug|Any CPU
		Release|Any CPU = Release|Any CPU
	EndGlobalSection
	GlobalSection(ProjectConfigurationPlatforms) = postSolution
		{03406F1B-CA0A-4E52-9FB5-A0C1209BF357}.Debug|Any CPU.ActiveCfg = Debug|Any CPU
		{03406F1B-CA0A-4E52-9FB5-A0C1209BF357}.Debug|Any CPU.Build.0 = Debug|Any CPU
		{03406F1B-CA0A-4E52-9FB5-A0C1209BF357}.Release|Any CPU.ActiveCfg = Release|Any CPU
		{03406F1B-CA0A-4E52-9FB5-A0C1209BF357}.Release|Any CPU.Build.0 = Release|Any CPU
		{846070D3-3FDB-4F62-9E67-DA737A1DD74B}.Debug|Any CPU.ActiveCfg = Debug|Any CPU
		{846070D3-3FDB-4F62-9E67-DA737A1DD74B}.Debug|Any CPU.Build.0 = Debug|Any CPU
		{846070D3-3FDB-4F62-9E67-DA737A1DD74B}.Release|Any CPU.ActiveCfg = Release|Any CPU
		{846070D3-3FDB-4F62-9E67-DA737A1DD74B}.Release|Any CPU.Build.0 = Release|Any CPU
		{7E9DCBA9-F3AC-4590-83F6-656A9152DDAD}.Debug|Any CPU.ActiveCfg = Debug|Any CPU
		{7E9DCBA9-F3AC-4590-83F6-656A9152DDAD}.Debug|Any CPU.Build.0 = Debug|Any CPU
		{7E9DCBA9-F3AC-4590-83F6-656A9152DDAD}.Release|Any CPU.ActiveCfg = Release|Any CPU
		{7E9DCBA9-F3AC-4590-83F6-656A9152DDAD}.Release|Any CPU.Build.0 = Release|Any CPU
		{CBF0356A-908D-47C8-B891-1A86293541B4}.Debug|Any CPU.ActiveCfg = Debug|Any CPU
		{CBF0356A-908D-47C8-B891-1A86293541B4}.Debug|Any CPU.Build.0 = Debug|Any CPU
		{CBF0356A-908D-47C8-B891-1A86293541B4}.Release|Any CPU.ActiveCfg = Release|Any CPU
		{CBF0356A-908D-47C8-B891-1A86293541B4}.Release|Any CPU.Build.0 = Release|Any CPU
		{60B6106C-9D15-4480-8DB9-B50B9B7F0497}.Debug|Any CPU.ActiveCfg = Debug|Any CPU
		{60B6106C-9D15-4480-8DB9-B50B9B7F0497}.Debug|Any CPU.Build.0 = Debug|Any CPU
		{60B6106C-9D15-4480-8DB9-B50B9B7F0497}.Release|Any CPU.ActiveCfg = Release|Any CPU
		{60B6106C-9D15-4480-8DB9-B50B9B7F0497}.Release|Any CPU.Build.0 = Release|Any CPU
	EndGlobalSection
	GlobalSection(SolutionProperties) = preSolution
		HideSolutionNode = FALSE
	EndGlobalSection
	GlobalSection(ExtensibilityGlobals) = postSolution
		SolutionGuid = {790DE8A4-0304-4603-816C-F32E88C07DE4}
	EndGlobalSection
EndGlobal
